
Microsoft Visual Studio Solution File, Format Version 12.00
# Visual Studio Version 17
VisualStudioVersion = 17.14.36518.9 d17.14
MinimumVisualStudioVersion = 10.0.40219.1
Project("{FAE04EC0-301F-11D3-BF4B-00C04F79EFBC}") = "HealthApp", "HealthApp\HealthApp.csproj", "{B0A8036F-B391-421F-B29C-2F230DBCDCB0}"
EndProject
Global
	GlobalSection(SolutionConfigurationPlatforms) = preSolution
		Debug|Any CPU = Debug|Any CPU
		Release|Any CPU = Release|Any CPU
	EndGlobalSection
	GlobalSection(ProjectConfigurationPlatforms) = postSolution
		{B0A8036F-B391-421F-B29C-2F230DBCDCB0}.Debug|Any CPU.ActiveCfg = Debug|Any CPU
		{B0A8036F-B391-421F-B29C-2F230DBCDCB0}.Debug|Any CPU.Build.0 = Debug|Any CPU
		{B0A8036F-B391-421F-B29C-2F230DBCDCB0}.Release|Any CPU.ActiveCfg = Release|Any CPU
		{B0A8036F-B391-421F-B29C-2F230DBCDCB0}.Release|Any CPU.Build.0 = Release|Any CPU
	EndGlobalSection
	GlobalSection(SolutionProperties) = preSolution
		HideSolutionNode = FALSE
	EndGlobalSection
	GlobalSection(ExtensibilityGlobals) = postSolution
		SolutionGuid = {C24EC13E-3ED7-4C60-88D9-088AA3EADBA7}
	EndGlobalSection
EndGlobal
